
Microsoft Visual Studio Solution File, Format Version 12.00
# Visual Studio 15
VisualStudioVersion = 15.0.27130.2027
MinimumVisualStudioVersion = 10.0.40219.1
Project("{2150E333-8FDC-42A3-9474-1A3956D46DE8}") = "Infrastructure", "Infrastructure", "{97AF800B-7243-4C2D-9462-B0B645F69B0B}"
EndProject
Project("{FAE04EC0-301F-11D3-BF4B-00C04F79EFBC}") = "Utility.Circuit.Common", "Infrastructure\Utility.Circuit.Common\Utility.Circuit.Common.csproj", "{388E8236-2FE9-4819-8F2E-B14131907FA1}"
EndProject
Project("{FAE04EC0-301F-11D3-BF4B-00C04F79EFBC}") = "Utility.Circuit.Controller", "Infrastructure\Utility.Circuit.Controller\Utility.Circuit.Controller.csproj", "{13A44A2A-8283-46B9-9B02-AAD2AE68F7FB}"
EndProject
Project("{FAE04EC0-301F-11D3-BF4B-00C04F79EFBC}") = "Utility.Circuit.Model", "Infrastructure\Utility.Circuit.Model\Utility.Circuit.Model.csproj", "{C2E49757-2795-41A1-8046-1E02870DE11A}"
EndProject
Project("{2150E333-8FDC-42A3-9474-1A3956D46DE8}") = "Grammar", "Grammar", "{4DDC9F3C-C349-486C-AD5B-76F6164F1207}"
EndProject
Project("{2150E333-8FDC-42A3-9474-1A3956D46DE8}") = "Keywords", "Keywords", "{A3245406-8959-4154-9224-E666365F8F2D}"
EndProject
Project("{FAE04EC0-301F-11D3-BF4B-00C04F79EFBC}") = "params_Code", "Grammar\Keywords\params_Code\params_Code.csproj", "{1A2525A9-F440-435A-A4BF-BD05DDB56443}"
EndProject
Project("{2150E333-8FDC-42A3-9474-1A3956D46DE8}") = "Event", "Event", "{B34C5F94-001E-4CEC-9347-AC98FD9DDAB4}"
EndProject
Project("{FAE04EC0-301F-11D3-BF4B-00C04F79EFBC}") = "SubscribeAndPublish", "Grammar\Event\SubscribeAndPublish\SubscribeAndPublish.csproj", "{FCF84FB3-04FA-4D3F-A13A-CC7C7E1C9005}"
EndProject
Project("{2150E333-8FDC-42A3-9474-1A3956D46DE8}") = "TechnologyType", "TechnologyType", "{DD3C509E-6B15-46EA-8668-4747E7C4C8C4}"
EndProject
Project("{2150E333-8FDC-42A3-9474-1A3956D46DE8}") = "Language", "Language", "{B026C79E-0A83-46D8-8F7B-B41971B74A6C}"
EndProject
Project("{2150E333-8FDC-42A3-9474-1A3956D46DE8}") = "动态切换软件语言", "动态切换软件语言", "{1DC3ECAA-4775-4048-A881-AB4AD3C5A8CC}"
EndProject
Project("{FAE04EC0-301F-11D3-BF4B-00C04F79EFBC}") = "WpfChangeLanguageDemo", "TechnologyType\Language\动态切换软件语言\WpfChangeLanguageDemo\WpfChangeLanguageDemo\WpfChangeLanguageDemo.csproj", "{53AD7856-AF0D-43D9-B39E-11D2F8313CA5}"
EndProject
Project("{2150E333-8FDC-42A3-9474-1A3956D46DE8}") = "Resource", "Resource", "{957A647D-EC80-4C8C-BAC7-C0972651EC14}"
EndProject
Project("{2150E333-8FDC-42A3-9474-1A3956D46DE8}") = "静态资源与动态资源", "静态资源与动态资源", "{701CE2D4-5752-4B96-BB8E-9F273817E0E3}"
EndProject
Project("{FAE04EC0-301F-11D3-BF4B-00C04F79EFBC}") = "WpfStaticDynamicResource", "TechnologyType\Resource\静态资源与动态资源\WpfStaticDynamicResource\WpfStaticDynamicResource\WpfStaticDynamicResource.csproj", "{21C38DD2-1FFE-4B57-B9A7-A92F878F1993}"
EndProject
Project("{2150E333-8FDC-42A3-9474-1A3956D46DE8}") = "Skin", "Skin", "{F12006F1-B2C5-455D-84AA-57C918EE49B2}"
EndProject
Project("{2150E333-8FDC-42A3-9474-1A3956D46DE8}") = "简单的代码换肤", "简单的代码换肤", "{155DAB8C-DBB2-4C35-B02C-C12C68D5AC9D}"
EndProject
Project("{FAE04EC0-301F-11D3-BF4B-00C04F79EFBC}") = "WpfSampleDemo", "TechnologyType\Skin\简单的代码换肤\WpfSampleDemo\WpfSampleDemo\WpfSampleDemo.csproj", "{5C380F93-C0F9-4B03-9DC8-06B83E82F7B0}"
EndProject
Project("{2150E333-8FDC-42A3-9474-1A3956D46DE8}") = "模板与风格的引用", "模板与风格的引用", "{166BFD6F-BE3C-4756-A0E0-EE91914AC1FB}"
EndProject
Project("{FAE04EC0-301F-11D3-BF4B-00C04F79EFBC}") = "WPF.Style", "TechnologyType\Resource\模板与风格的引用\WpfStyleTemplate\Common\WPF.Style\WPF.Style.csproj", "{32BE9190-D256-4A99-B9C7-138EBB65C714}"
EndProject
Project("{FAE04EC0-301F-11D3-BF4B-00C04F79EFBC}") = "WpfStyleTemplate", "TechnologyType\Resource\模板与风格的引用\WpfStyleTemplate\WpfStyleTemplate\WpfStyleTemplate.csproj", "{706401D0-6EFF-4866-B413-A231CE087E4A}"
EndProject
Project("{2150E333-8FDC-42A3-9474-1A3956D46DE8}") = "Bingding", "Bingding", "{D35FED45-BAFB-46E9-A82E-B9CD5FD6AC20}"
EndProject
Project("{2150E333-8FDC-42A3-9474-1A3956D46DE8}") = "MVVM-Binding - INotifyPropertyChanged双向交互方式", "MVVM-Binding - INotifyPropertyChanged双向交互方式", "{C18492F2-1340-45C8-A231-E064986F4C35}"
EndProject
Project("{2150E333-8FDC-42A3-9474-1A3956D46DE8}") = "Lambda", "Lambda", "{2E1A8F05-F665-4601-B4AB-41DFB01DBCFE}"
EndProject
Project("{2150E333-8FDC-42A3-9474-1A3956D46DE8}") = "Lambda查找", "Lambda查找", "{03C833B4-321E-4138-B88E-A937B9B67313}"
EndProject
Project("{FAE04EC0-301F-11D3-BF4B-00C04F79EFBC}") = "ConsoleAppGrammar", "Grammar\Lambda\Lambda查找\ConsoleAppGrammar\ConsoleAppGrammar.csproj", "{357D8998-8080-4654-A4FC-3F3C0DC791FF}"
EndProject
Project("{FAE04EC0-301F-11D3-BF4B-00C04F79EFBC}") = "MVVM-Binding", "TechnologyType\Binding\MVVM-Binding - INotifyPropertyChanged双向交互方式\MVVM-Binding\MVVM-Binding.csproj", "{65845231-26D3-4E67-9B7D-C2C6604E15FB}"
EndProject
Project("{2150E333-8FDC-42A3-9474-1A3956D46DE8}") = "Controls", "Controls", "{2EF80DE7-A7D6-48C4-AAC2-23B6FCDD9F81}"
EndProject
Project("{2150E333-8FDC-42A3-9474-1A3956D46DE8}") = "GridSplitter分栏控件的用法", "GridSplitter分栏控件的用法", "{FE639822-4E1F-4A2E-A9CB-83E04BF180BA}"
EndProject
Project("{FAE04EC0-301F-11D3-BF4B-00C04F79EFBC}") = "WpfGridSplitter", "TechnologyType\Controls\GridSplitter分栏控件的用法\WpfGridSplitter\WpfGrid\WpfGridSplitter.csproj", "{C93F68EC-AD9B-46AB-80FF-AFE7B96DD6A2}"
EndProject
Project("{2150E333-8FDC-42A3-9474-1A3956D46DE8}") = "DesignPattern", "DesignPattern", "{EB2245DF-D302-4B23-904A-1A25570D3509}"
EndProject
Project("{2150E333-8FDC-42A3-9474-1A3956D46DE8}") = "BehavioralPattern", "BehavioralPattern", "{264CF635-A22B-4BF0-A99B-0801C5CED44A}"
EndProject
Project("{2150E333-8FDC-42A3-9474-1A3956D46DE8}") = "CreationalPattern", "CreationalPattern", "{66984520-6525-4DE8-A823-F584C478152A}"
EndProject
Project("{2150E333-8FDC-42A3-9474-1A3956D46DE8}") = "StructuralPattern", "StructuralPattern", "{CCA35D2F-A7F1-4062-A4DE-038F97AEB126}"
EndProject
Project("{2150E333-8FDC-42A3-9474-1A3956D46DE8}") = "Command(命令)", "Command(命令)", "{67A27F69-F7BF-41CA-B788-2DB5F9D458DC}"
EndProject
Project("{2150E333-8FDC-42A3-9474-1A3956D46DE8}") = "Observer(观察者)", "Observer(观察者)", "{88DC15FE-4B18-4344-9D02-85A1B260BA1B}"
EndProject
Project("{2150E333-8FDC-42A3-9474-1A3956D46DE8}") = "银行存款取款", "银行存款取款", "{2EE5028A-DBAC-4FA6-930E-BD1225E5FD6D}"
EndProject
Project("{2150E333-8FDC-42A3-9474-1A3956D46DE8}") = "电脑开机", "电脑开机", "{19C15DDB-0348-46E0-B23C-2A7479FDA237}"
EndProject
Project("{FAE04EC0-301F-11D3-BF4B-00C04F79EFBC}") = "CommandPattern_PC", "Grammar\DesignPattern\BehavioralPattern\Command(命令)\电脑开机\CommandPattern_PC\CommandPattern_PC.csproj", "{8789DD67-4A39-4B22-A848-3C81B4539F11}"
EndProject
Project("{FAE04EC0-301F-11D3-BF4B-00C04F79EFBC}") = "CommandPattern_Finance", "Grammar\DesignPattern\BehavioralPattern\Command(命令)\银行存款取款\CommandPattern_Finance\CommandPattern_Finance.csproj", "{89273734-9F81-44AA-88D8-7FBD73AD6062}"
EndProject
Project("{FAE04EC0-301F-11D3-BF4B-00C04F79EFBC}") = "CommandPattern_PC1", "Grammar\DesignPattern\BehavioralPattern\Command(命令)\电脑开机\CommandPattern_PC1\CommandPattern_PC1.csproj", "{62CA9395-E1B9-4D43-80EC-0AEB59BEE775}"
EndProject
Project("{FAE04EC0-301F-11D3-BF4B-00C04F79EFBC}") = "CommandPattern_Finance1", "Grammar\DesignPattern\BehavioralPattern\Command(命令)\银行存款取款\CommandPattern_Finance1\CommandPattern_Finance1.csproj", "{0A817AA8-431D-4B25-92D8-BA340F9B0322}"
EndProject
Project("{FAE04EC0-301F-11D3-BF4B-00C04F79EFBC}") = "CommandPattern_Finance2", "Grammar\DesignPattern\BehavioralPattern\Command(命令)\银行存款取款\CommandPattern_Finance2\CommandPattern_Finance2.csproj", "{B12241C1-2CC0-460F-BAD8-A8A7B4BC4005}"
EndProject
Project("{FAE04EC0-301F-11D3-BF4B-00C04F79EFBC}") = "CommandPattern_PC2", "Grammar\DesignPattern\BehavioralPattern\Command(命令)\电脑开机\CommandPattern_PC2\CommandPattern_PC2.csproj", "{9CAA5D1C-BF68-4E80-9BDE-99DB39515406}"
EndProject
Project("{2150E333-8FDC-42A3-9474-1A3956D46DE8}") = "Projects", "Projects", "{2285E3F1-F662-48D2-BCFB-C9F337F62511}"
EndProject
Project("{FAE04EC0-301F-11D3-BF4B-00C04F79EFBC}") = "AE240_Simulator", "Projects\AE240_Simulator\AE240_Simulator.csproj", "{B9DF91C2-4FC3-478A-96CD-8EFD9BF32A2B}"
EndProject
Project("{FAE04EC0-301F-11D3-BF4B-00C04F79EFBC}") = "Tool.ParamConfig", "Projects\Tool.ParamConfig\Tool.ParamConfig.csproj", "{DE92CC23-1D9B-492E-A4B1-9D398CD456F6}"
EndProject
Project("{2150E333-8FDC-42A3-9474-1A3956D46DE8}") = "Solution Items", "Solution Items", "{83CBB423-B3CD-4772-A063-36EDAC1DB7F7}"
	ProjectSection(SolutionItems) = preProject
		Readme.txt = Readme.txt
	EndProjectSection
EndProject
Project("{2150E333-8FDC-42A3-9474-1A3956D46DE8}") = "Async", "Async", "{7E8F348D-72C2-497B-981E-A39596C7916C}"
EndProject
Project("{2150E333-8FDC-42A3-9474-1A3956D46DE8}") = "延时等待计算结果", "延时等待计算结果", "{7EA96EC0-BAA3-459E-87D5-1249BE0E8D12}"
EndProject
Project("{FAE04EC0-301F-11D3-BF4B-00C04F79EFBC}") = "AsyncDemo", "Grammar\Async\延时等待计算结果\AsyncDemo\AsyncDemo.csproj", "{CC2F66BD-A347-409E-87C5-4CC005D74BC1}"
EndProject
Project("{FAE04EC0-301F-11D3-BF4B-00C04F79EFBC}") = "AsyncCallBackDemo", "Grammar\Async\延时等待计算结果\AsyncCallBackDemo\AsyncCallBackDemo.csproj", "{706869C3-DEC3-4C3C-8BEA-1A9671B0118B}"
EndProject
Project("{2150E333-8FDC-42A3-9474-1A3956D46DE8}") = "Thread", "Thread", "{8F9413E7-A3D6-4969-94C3-C1885E1A8BDF}"
EndProject
Project("{2150E333-8FDC-42A3-9474-1A3956D46DE8}") = "AutoResetEvent", "AutoResetEvent", "{213D0E32-36E8-4E71-867E-D6A95F3CD252}"
EndProject
Project("{2150E333-8FDC-42A3-9474-1A3956D46DE8}") = "信号控制", "信号控制", "{C88C0C5E-902E-4E57-8D78-A8D07FCDB675}"
EndProject
Project("{FAE04EC0-301F-11D3-BF4B-00C04F79EFBC}") = "WinForm_AutoResetEvent", "Grammar\Thread\AutoResetEvent\信号控制\WinForm_AutoResetEvent\WinForm_AutoResetEvent\WinForm_AutoResetEvent.csproj", "{6B0C671A-C5D5-4C70-9704-4D5D24C548AF}"
EndProject
Project("{2150E333-8FDC-42A3-9474-1A3956D46DE8}") = "Mediator(中介者)", "Mediator(中介者)", "{DFA51859-F2AD-4BA9-9677-058FFD636F75}"
EndProject
Project("{2150E333-8FDC-42A3-9474-1A3956D46DE8}") = "公司管理", "公司管理", "{5662EF89-C0BD-45D3-BE9E-D87E52008912}"
EndProject
Project("{FAE04EC0-301F-11D3-BF4B-00C04F79EFBC}") = "Company", "Grammar\DesignPattern\BehavioralPattern\Mediator(中介者)\公司管理\Company\Company.csproj", "{6F57DE9B-17AC-42BE-A4BB-C03968511663}"
EndProject
Project("{2150E333-8FDC-42A3-9474-1A3956D46DE8}") = "Strategy(策略)", "Strategy(策略)", "{0261EC64-67BA-4FA8-B1A5-11B46F603434}"
EndProject
Project("{2150E333-8FDC-42A3-9474-1A3956D46DE8}") = "客户报价", "客户报价", "{886DA436-9FD5-4759-907D-6073B3BBFC3C}"
EndProject
Project("{FAE04EC0-301F-11D3-BF4B-00C04F79EFBC}") = "PriceStrategy", "Grammar\DesignPattern\BehavioralPattern\Strategy(策略)\客户报价\PriceStrategy\PriceStrategy.csproj", "{E3A58540-52B7-4EFA-B285-9AEC9560987B}"
EndProject
Project("{2150E333-8FDC-42A3-9474-1A3956D46DE8}") = "事件的订阅与触发", "事件的订阅与触发", "{158B7957-A7B3-485E-92FD-E258E284DFDA}"
EndProject
Project("{FAE04EC0-301F-11D3-BF4B-00C04F79EFBC}") = "MouseAndCat", "Grammar\Event\事件的订阅与触发\MouseAndCat\MouseAndCat.csproj", "{DF6F5305-9060-4B79-BAF7-AF37F71916D4}"
EndProject
Project("{2150E333-8FDC-42A3-9474-1A3956D46DE8}") = "Lock", "Lock", "{4E9AAE55-200C-4D33-BCE4-70926B86A597}"
EndProject
Project("{2150E333-8FDC-42A3-9474-1A3956D46DE8}") = "捐款", "捐款", "{62F7F05A-F756-41A5-AC20-87613D0E75EE}"
EndProject
Project("{FAE04EC0-301F-11D3-BF4B-00C04F79EFBC}") = "LockDemo", "Grammar\Thread\Lock\捐款\LockDemo\LockDemo.csproj", "{28F2BDEE-56FF-44A7-A4E0-6EF6F2FA22A3}"
EndProject
Project("{2150E333-8FDC-42A3-9474-1A3956D46DE8}") = "FileStream", "FileStream", "{4867E95C-31F7-41FE-A513-F4B8A0D1800A}"
EndProject
Project("{2150E333-8FDC-42A3-9474-1A3956D46DE8}") = "TxtFile", "TxtFile", "{1ADBE352-548F-4C31-A995-C995ADF99A3D}"
EndProject
Project("{FAE04EC0-301F-11D3-BF4B-00C04F79EFBC}") = "TxtFile", "TechnologyType\FlieStream\TxtFile\TxtFile.csproj", "{92FF129C-6BB8-444F-BA34-0D76483ABB03}"
EndProject
Project("{2150E333-8FDC-42A3-9474-1A3956D46DE8}") = "Variable", "Variable", "{72591CBE-71E8-4754-A46C-D28388F5BAAF}"
EndProject
Project("{2150E333-8FDC-42A3-9474-1A3956D46DE8}") = "Array", "Array", "{9876F971-1806-422C-B23E-F99300E3432D}"
EndProject
Project("{FAE04EC0-301F-11D3-BF4B-00C04F79EFBC}") = "ConsoleAppDyadicArray", "Grammar\Variable\Array\ConsoleAppDyadicArray\ConsoleAppDyadicArray.csproj", "{66D35109-CE39-4214-A623-B42B6B7CABCD}"
EndProject
Global
	GlobalSection(SolutionConfigurationPlatforms) = preSolution
		Debug|Any CPU = Debug|Any CPU
		Debug|x86 = Debug|x86
		Release|Any CPU = Release|Any CPU
		Release|x86 = Release|x86
	EndGlobalSection
	GlobalSection(ProjectConfigurationPlatforms) = postSolution
		{388E8236-2FE9-4819-8F2E-B14131907FA1}.Debug|Any CPU.ActiveCfg = Debug|Any CPU
		{388E8236-2FE9-4819-8F2E-B14131907FA1}.Debug|Any CPU.Build.0 = Debug|Any CPU
		{388E8236-2FE9-4819-8F2E-B14131907FA1}.Debug|x86.ActiveCfg = Debug|Any CPU
		{388E8236-2FE9-4819-8F2E-B14131907FA1}.Debug|x86.Build.0 = Debug|Any CPU
		{388E8236-2FE9-4819-8F2E-B14131907FA1}.Release|Any CPU.ActiveCfg = Release|Any CPU
		{388E8236-2FE9-4819-8F2E-B14131907FA1}.Release|Any CPU.Build.0 = Release|Any CPU
		{388E8236-2FE9-4819-8F2E-B14131907FA1}.Release|x86.ActiveCfg = Release|Any CPU
		{388E8236-2FE9-4819-8F2E-B14131907FA1}.Release|x86.Build.0 = Release|Any CPU
		{13A44A2A-8283-46B9-9B02-AAD2AE68F7FB}.Debug|Any CPU.ActiveCfg = Debug|Any CPU
		{13A44A2A-8283-46B9-9B02-AAD2AE68F7FB}.Debug|Any CPU.Build.0 = Debug|Any CPU
		{13A44A2A-8283-46B9-9B02-AAD2AE68F7FB}.Debug|x86.ActiveCfg = Debug|Any CPU
		{13A44A2A-8283-46B9-9B02-AAD2AE68F7FB}.Debug|x86.Build.0 = Debug|Any CPU
		{13A44A2A-8283-46B9-9B02-AAD2AE68F7FB}.Release|Any CPU.ActiveCfg = Release|Any CPU
		{13A44A2A-8283-46B9-9B02-AAD2AE68F7FB}.Release|Any CPU.Build.0 = Release|Any CPU
		{13A44A2A-8283-46B9-9B02-AAD2AE68F7FB}.Release|x86.ActiveCfg = Release|Any CPU
		{13A44A2A-8283-46B9-9B02-AAD2AE68F7FB}.Release|x86.Build.0 = Release|Any CPU
		{C2E49757-2795-41A1-8046-1E02870DE11A}.Debug|Any CPU.ActiveCfg = Debug|Any CPU
		{C2E49757-2795-41A1-8046-1E02870DE11A}.Debug|Any CPU.Build.0 = Debug|Any CPU
		{C2E49757-2795-41A1-8046-1E02870DE11A}.Debug|x86.ActiveCfg = Debug|Any CPU
		{C2E49757-2795-41A1-8046-1E02870DE11A}.Debug|x86.Build.0 = Debug|Any CPU
		{C2E49757-2795-41A1-8046-1E02870DE11A}.Release|Any CPU.ActiveCfg = Release|Any CPU
		{C2E49757-2795-41A1-8046-1E02870DE11A}.Release|Any CPU.Build.0 = Release|Any CPU
		{C2E49757-2795-41A1-8046-1E02870DE11A}.Release|x86.ActiveCfg = Release|Any CPU
		{C2E49757-2795-41A1-8046-1E02870DE11A}.Release|x86.Build.0 = Release|Any CPU
		{1A2525A9-F440-435A-A4BF-BD05DDB56443}.Debug|Any CPU.ActiveCfg = Debug|Any CPU
		{1A2525A9-F440-435A-A4BF-BD05DDB56443}.Debug|Any CPU.Build.0 = Debug|Any CPU
		{1A2525A9-F440-435A-A4BF-BD05DDB56443}.Debug|x86.ActiveCfg = Debug|Any CPU
		{1A2525A9-F440-435A-A4BF-BD05DDB56443}.Debug|x86.Build.0 = Debug|Any CPU
		{1A2525A9-F440-435A-A4BF-BD05DDB56443}.Release|Any CPU.ActiveCfg = Release|Any CPU
		{1A2525A9-F440-435A-A4BF-BD05DDB56443}.Release|Any CPU.Build.0 = Release|Any CPU
		{1A2525A9-F440-435A-A4BF-BD05DDB56443}.Release|x86.ActiveCfg = Release|Any CPU
		{1A2525A9-F440-435A-A4BF-BD05DDB56443}.Release|x86.Build.0 = Release|Any CPU
		{FCF84FB3-04FA-4D3F-A13A-CC7C7E1C9005}.Debug|Any CPU.ActiveCfg = Debug|Any CPU
		{FCF84FB3-04FA-4D3F-A13A-CC7C7E1C9005}.Debug|Any CPU.Build.0 = Debug|Any CPU
		{FCF84FB3-04FA-4D3F-A13A-CC7C7E1C9005}.Debug|x86.ActiveCfg = Debug|Any CPU
		{FCF84FB3-04FA-4D3F-A13A-CC7C7E1C9005}.Debug|x86.Build.0 = Debug|Any CPU
		{FCF84FB3-04FA-4D3F-A13A-CC7C7E1C9005}.Release|Any CPU.ActiveCfg = Release|Any CPU
		{FCF84FB3-04FA-4D3F-A13A-CC7C7E1C9005}.Release|Any CPU.Build.0 = Release|Any CPU
		{FCF84FB3-04FA-4D3F-A13A-CC7C7E1C9005}.Release|x86.ActiveCfg = Release|Any CPU
		{FCF84FB3-04FA-4D3F-A13A-CC7C7E1C9005}.Release|x86.Build.0 = Release|Any CPU
		{53AD7856-AF0D-43D9-B39E-11D2F8313CA5}.Debug|Any CPU.ActiveCfg = Debug|x86
		{53AD7856-AF0D-43D9-B39E-11D2F8313CA5}.Debug|x86.ActiveCfg = Debug|x86
		{53AD7856-AF0D-43D9-B39E-11D2F8313CA5}.Debug|x86.Build.0 = Debug|x86
		{53AD7856-AF0D-43D9-B39E-11D2F8313CA5}.Release|Any CPU.ActiveCfg = Release|x86
		{53AD7856-AF0D-43D9-B39E-11D2F8313CA5}.Release|x86.ActiveCfg = Release|x86
		{53AD7856-AF0D-43D9-B39E-11D2F8313CA5}.Release|x86.Build.0 = Release|x86
		{21C38DD2-1FFE-4B57-B9A7-A92F878F1993}.Debug|Any CPU.ActiveCfg = Debug|x86
		{21C38DD2-1FFE-4B57-B9A7-A92F878F1993}.Debug|x86.ActiveCfg = Debug|x86
		{21C38DD2-1FFE-4B57-B9A7-A92F878F1993}.Debug|x86.Build.0 = Debug|x86
		{21C38DD2-1FFE-4B57-B9A7-A92F878F1993}.Release|Any CPU.ActiveCfg = Release|x86
		{21C38DD2-1FFE-4B57-B9A7-A92F878F1993}.Release|x86.ActiveCfg = Release|x86
		{21C38DD2-1FFE-4B57-B9A7-A92F878F1993}.Release|x86.Build.0 = Release|x86
		{5C380F93-C0F9-4B03-9DC8-06B83E82F7B0}.Debug|Any CPU.ActiveCfg = Debug|x86
		{5C380F93-C0F9-4B03-9DC8-06B83E82F7B0}.Debug|x86.ActiveCfg = Debug|x86
		{5C380F93-C0F9-4B03-9DC8-06B83E82F7B0}.Debug|x86.Build.0 = Debug|x86
		{5C380F93-C0F9-4B03-9DC8-06B83E82F7B0}.Release|Any CPU.ActiveCfg = Release|x86
		{5C380F93-C0F9-4B03-9DC8-06B83E82F7B0}.Release|x86.ActiveCfg = Release|x86
		{5C380F93-C0F9-4B03-9DC8-06B83E82F7B0}.Release|x86.Build.0 = Release|x86
		{32BE9190-D256-4A99-B9C7-138EBB65C714}.Debug|Any CPU.ActiveCfg = Debug|Any CPU
		{32BE9190-D256-4A99-B9C7-138EBB65C714}.Debug|Any CPU.Build.0 = Debug|Any CPU
		{32BE9190-D256-4A99-B9C7-138EBB65C714}.Debug|x86.ActiveCfg = Debug|Any CPU
		{32BE9190-D256-4A99-B9C7-138EBB65C714}.Debug|x86.Build.0 = Debug|Any CPU
		{32BE9190-D256-4A99-B9C7-138EBB65C714}.Release|Any CPU.ActiveCfg = Release|Any CPU
		{32BE9190-D256-4A99-B9C7-138EBB65C714}.Release|Any CPU.Build.0 = Release|Any CPU
		{32BE9190-D256-4A99-B9C7-138EBB65C714}.Release|x86.ActiveCfg = Release|Any CPU
		{32BE9190-D256-4A99-B9C7-138EBB65C714}.Release|x86.Build.0 = Release|Any CPU
		{706401D0-6EFF-4866-B413-A231CE087E4A}.Debug|Any CPU.ActiveCfg = Debug|Any CPU
		{706401D0-6EFF-4866-B413-A231CE087E4A}.Debug|Any CPU.Build.0 = Debug|Any CPU
		{706401D0-6EFF-4866-B413-A231CE087E4A}.Debug|x86.ActiveCfg = Debug|Any CPU
		{706401D0-6EFF-4866-B413-A231CE087E4A}.Debug|x86.Build.0 = Debug|Any CPU
		{706401D0-6EFF-4866-B413-A231CE087E4A}.Release|Any CPU.ActiveCfg = Release|Any CPU
		{706401D0-6EFF-4866-B413-A231CE087E4A}.Release|Any CPU.Build.0 = Release|Any CPU
		{706401D0-6EFF-4866-B413-A231CE087E4A}.Release|x86.ActiveCfg = Release|Any CPU
		{706401D0-6EFF-4866-B413-A231CE087E4A}.Release|x86.Build.0 = Release|Any CPU
		{357D8998-8080-4654-A4FC-3F3C0DC791FF}.Debug|Any CPU.ActiveCfg = Debug|Any CPU
		{357D8998-8080-4654-A4FC-3F3C0DC791FF}.Debug|Any CPU.Build.0 = Debug|Any CPU
		{357D8998-8080-4654-A4FC-3F3C0DC791FF}.Debug|x86.ActiveCfg = Debug|Any CPU
		{357D8998-8080-4654-A4FC-3F3C0DC791FF}.Debug|x86.Build.0 = Debug|Any CPU
		{357D8998-8080-4654-A4FC-3F3C0DC791FF}.Release|Any CPU.ActiveCfg = Release|Any CPU
		{357D8998-8080-4654-A4FC-3F3C0DC791FF}.Release|Any CPU.Build.0 = Release|Any CPU
		{357D8998-8080-4654-A4FC-3F3C0DC791FF}.Release|x86.ActiveCfg = Release|Any CPU
		{357D8998-8080-4654-A4FC-3F3C0DC791FF}.Release|x86.Build.0 = Release|Any CPU
		{65845231-26D3-4E67-9B7D-C2C6604E15FB}.Debug|Any CPU.ActiveCfg = Debug|x86
		{65845231-26D3-4E67-9B7D-C2C6604E15FB}.Debug|x86.ActiveCfg = Debug|x86
		{65845231-26D3-4E67-9B7D-C2C6604E15FB}.Debug|x86.Build.0 = Debug|x86
		{65845231-26D3-4E67-9B7D-C2C6604E15FB}.Release|Any CPU.ActiveCfg = Release|x86
		{65845231-26D3-4E67-9B7D-C2C6604E15FB}.Release|x86.ActiveCfg = Release|x86
		{65845231-26D3-4E67-9B7D-C2C6604E15FB}.Release|x86.Build.0 = Release|x86
		{C93F68EC-AD9B-46AB-80FF-AFE7B96DD6A2}.Debug|Any CPU.ActiveCfg = Debug|Any CPU
		{C93F68EC-AD9B-46AB-80FF-AFE7B96DD6A2}.Debug|Any CPU.Build.0 = Debug|Any CPU
		{C93F68EC-AD9B-46AB-80FF-AFE7B96DD6A2}.Debug|x86.ActiveCfg = Debug|Any CPU
		{C93F68EC-AD9B-46AB-80FF-AFE7B96DD6A2}.Debug|x86.Build.0 = Debug|Any CPU
		{C93F68EC-AD9B-46AB-80FF-AFE7B96DD6A2}.Release|Any CPU.ActiveCfg = Release|Any CPU
		{C93F68EC-AD9B-46AB-80FF-AFE7B96DD6A2}.Release|Any CPU.Build.0 = Release|Any CPU
		{C93F68EC-AD9B-46AB-80FF-AFE7B96DD6A2}.Release|x86.ActiveCfg = Release|Any CPU
		{C93F68EC-AD9B-46AB-80FF-AFE7B96DD6A2}.Release|x86.Build.0 = Release|Any CPU
		{8789DD67-4A39-4B22-A848-3C81B4539F11}.Debug|Any CPU.ActiveCfg = Debug|Any CPU
		{8789DD67-4A39-4B22-A848-3C81B4539F11}.Debug|Any CPU.Build.0 = Debug|Any CPU
		{8789DD67-4A39-4B22-A848-3C81B4539F11}.Debug|x86.ActiveCfg = Debug|Any CPU
		{8789DD67-4A39-4B22-A848-3C81B4539F11}.Debug|x86.Build.0 = Debug|Any CPU
		{8789DD67-4A39-4B22-A848-3C81B4539F11}.Release|Any CPU.ActiveCfg = Release|Any CPU
		{8789DD67-4A39-4B22-A848-3C81B4539F11}.Release|Any CPU.Build.0 = Release|Any CPU
		{8789DD67-4A39-4B22-A848-3C81B4539F11}.Release|x86.ActiveCfg = Release|Any CPU
		{8789DD67-4A39-4B22-A848-3C81B4539F11}.Release|x86.Build.0 = Release|Any CPU
		{89273734-9F81-44AA-88D8-7FBD73AD6062}.Debug|Any CPU.ActiveCfg = Debug|x86
		{89273734-9F81-44AA-88D8-7FBD73AD6062}.Debug|x86.ActiveCfg = Debug|x86
		{89273734-9F81-44AA-88D8-7FBD73AD6062}.Debug|x86.Build.0 = Debug|x86
		{89273734-9F81-44AA-88D8-7FBD73AD6062}.Release|Any CPU.ActiveCfg = Release|x86
		{89273734-9F81-44AA-88D8-7FBD73AD6062}.Release|x86.ActiveCfg = Release|x86
		{89273734-9F81-44AA-88D8-7FBD73AD6062}.Release|x86.Build.0 = Release|x86
		{62CA9395-E1B9-4D43-80EC-0AEB59BEE775}.Debug|Any CPU.ActiveCfg = Debug|Any CPU
		{62CA9395-E1B9-4D43-80EC-0AEB59BEE775}.Debug|Any CPU.Build.0 = Debug|Any CPU
		{62CA9395-E1B9-4D43-80EC-0AEB59BEE775}.Debug|x86.ActiveCfg = Debug|Any CPU
		{62CA9395-E1B9-4D43-80EC-0AEB59BEE775}.Debug|x86.Build.0 = Debug|Any CPU
		{62CA9395-E1B9-4D43-80EC-0AEB59BEE775}.Release|Any CPU.ActiveCfg = Release|Any CPU
		{62CA9395-E1B9-4D43-80EC-0AEB59BEE775}.Release|Any CPU.Build.0 = Release|Any CPU
		{62CA9395-E1B9-4D43-80EC-0AEB59BEE775}.Release|x86.ActiveCfg = Release|Any CPU
		{62CA9395-E1B9-4D43-80EC-0AEB59BEE775}.Release|x86.Build.0 = Release|Any CPU
		{0A817AA8-431D-4B25-92D8-BA340F9B0322}.Debug|Any CPU.ActiveCfg = Debug|x86
		{0A817AA8-431D-4B25-92D8-BA340F9B0322}.Debug|x86.ActiveCfg = Debug|x86
		{0A817AA8-431D-4B25-92D8-BA340F9B0322}.Debug|x86.Build.0 = Debug|x86
		{0A817AA8-431D-4B25-92D8-BA340F9B0322}.Release|Any CPU.ActiveCfg = Release|x86
		{0A817AA8-431D-4B25-92D8-BA340F9B0322}.Release|x86.ActiveCfg = Release|x86
		{0A817AA8-431D-4B25-92D8-BA340F9B0322}.Release|x86.Build.0 = Release|x86
		{B12241C1-2CC0-460F-BAD8-A8A7B4BC4005}.Debug|Any CPU.ActiveCfg = Debug|x86
		{B12241C1-2CC0-460F-BAD8-A8A7B4BC4005}.Debug|x86.ActiveCfg = Debug|x86
		{B12241C1-2CC0-460F-BAD8-A8A7B4BC4005}.Debug|x86.Build.0 = Debug|x86
		{B12241C1-2CC0-460F-BAD8-A8A7B4BC4005}.Release|Any CPU.ActiveCfg = Release|x86
		{B12241C1-2CC0-460F-BAD8-A8A7B4BC4005}.Release|x86.ActiveCfg = Release|x86
		{B12241C1-2CC0-460F-BAD8-A8A7B4BC4005}.Release|x86.Build.0 = Release|x86
		{9CAA5D1C-BF68-4E80-9BDE-99DB39515406}.Debug|Any CPU.ActiveCfg = Debug|Any CPU
		{9CAA5D1C-BF68-4E80-9BDE-99DB39515406}.Debug|Any CPU.Build.0 = Debug|Any CPU
		{9CAA5D1C-BF68-4E80-9BDE-99DB39515406}.Debug|x86.ActiveCfg = Debug|Any CPU
		{9CAA5D1C-BF68-4E80-9BDE-99DB39515406}.Debug|x86.Build.0 = Debug|Any CPU
		{9CAA5D1C-BF68-4E80-9BDE-99DB39515406}.Release|Any CPU.ActiveCfg = Release|Any CPU
		{9CAA5D1C-BF68-4E80-9BDE-99DB39515406}.Release|Any CPU.Build.0 = Release|Any CPU
		{9CAA5D1C-BF68-4E80-9BDE-99DB39515406}.Release|x86.ActiveCfg = Release|Any CPU
		{9CAA5D1C-BF68-4E80-9BDE-99DB39515406}.Release|x86.Build.0 = Release|Any CPU
		{B9DF91C2-4FC3-478A-96CD-8EFD9BF32A2B}.Debug|Any CPU.ActiveCfg = Debug|Any CPU
		{B9DF91C2-4FC3-478A-96CD-8EFD9BF32A2B}.Debug|Any CPU.Build.0 = Debug|Any CPU
		{B9DF91C2-4FC3-478A-96CD-8EFD9BF32A2B}.Debug|x86.ActiveCfg = Debug|Any CPU
		{B9DF91C2-4FC3-478A-96CD-8EFD9BF32A2B}.Debug|x86.Build.0 = Debug|Any CPU
		{B9DF91C2-4FC3-478A-96CD-8EFD9BF32A2B}.Release|Any CPU.ActiveCfg = Release|Any CPU
		{B9DF91C2-4FC3-478A-96CD-8EFD9BF32A2B}.Release|Any CPU.Build.0 = Release|Any CPU
		{B9DF91C2-4FC3-478A-96CD-8EFD9BF32A2B}.Release|x86.ActiveCfg = Release|Any CPU
		{B9DF91C2-4FC3-478A-96CD-8EFD9BF32A2B}.Release|x86.Build.0 = Release|Any CPU
		{DE92CC23-1D9B-492E-A4B1-9D398CD456F6}.Debug|Any CPU.ActiveCfg = Debug|Any CPU
		{DE92CC23-1D9B-492E-A4B1-9D398CD456F6}.Debug|Any CPU.Build.0 = Debug|Any CPU
		{DE92CC23-1D9B-492E-A4B1-9D398CD456F6}.Debug|x86.ActiveCfg = Debug|Any CPU
		{DE92CC23-1D9B-492E-A4B1-9D398CD456F6}.Debug|x86.Build.0 = Debug|Any CPU
		{DE92CC23-1D9B-492E-A4B1-9D398CD456F6}.Release|Any CPU.ActiveCfg = Release|Any CPU
		{DE92CC23-1D9B-492E-A4B1-9D398CD456F6}.Release|Any CPU.Build.0 = Release|Any CPU
		{DE92CC23-1D9B-492E-A4B1-9D398CD456F6}.Release|x86.ActiveCfg = Release|Any CPU
		{DE92CC23-1D9B-492E-A4B1-9D398CD456F6}.Release|x86.Build.0 = Release|Any CPU
		{CC2F66BD-A347-409E-87C5-4CC005D74BC1}.Debug|Any CPU.ActiveCfg = Debug|Any CPU
		{CC2F66BD-A347-409E-87C5-4CC005D74BC1}.Debug|Any CPU.Build.0 = Debug|Any CPU
		{CC2F66BD-A347-409E-87C5-4CC005D74BC1}.Debug|x86.ActiveCfg = Debug|Any CPU
		{CC2F66BD-A347-409E-87C5-4CC005D74BC1}.Debug|x86.Build.0 = Debug|Any CPU
		{CC2F66BD-A347-409E-87C5-4CC005D74BC1}.Release|Any CPU.ActiveCfg = Release|Any CPU
		{CC2F66BD-A347-409E-87C5-4CC005D74BC1}.Release|Any CPU.Build.0 = Release|Any CPU
		{CC2F66BD-A347-409E-87C5-4CC005D74BC1}.Release|x86.ActiveCfg = Release|Any CPU
		{CC2F66BD-A347-409E-87C5-4CC005D74BC1}.Release|x86.Build.0 = Release|Any CPU
		{706869C3-DEC3-4C3C-8BEA-1A9671B0118B}.Debug|Any CPU.ActiveCfg = Debug|Any CPU
		{706869C3-DEC3-4C3C-8BEA-1A9671B0118B}.Debug|Any CPU.Build.0 = Debug|Any CPU
		{706869C3-DEC3-4C3C-8BEA-1A9671B0118B}.Debug|x86.ActiveCfg = Debug|Any CPU
		{706869C3-DEC3-4C3C-8BEA-1A9671B0118B}.Debug|x86.Build.0 = Debug|Any CPU
		{706869C3-DEC3-4C3C-8BEA-1A9671B0118B}.Release|Any CPU.ActiveCfg = Release|Any CPU
		{706869C3-DEC3-4C3C-8BEA-1A9671B0118B}.Release|Any CPU.Build.0 = Release|Any CPU
		{706869C3-DEC3-4C3C-8BEA-1A9671B0118B}.Release|x86.ActiveCfg = Release|Any CPU
		{706869C3-DEC3-4C3C-8BEA-1A9671B0118B}.Release|x86.Build.0 = Release|Any CPU
		{6B0C671A-C5D5-4C70-9704-4D5D24C548AF}.Debug|Any CPU.ActiveCfg = Debug|x86
		{6B0C671A-C5D5-4C70-9704-4D5D24C548AF}.Debug|x86.ActiveCfg = Debug|x86
		{6B0C671A-C5D5-4C70-9704-4D5D24C548AF}.Debug|x86.Build.0 = Debug|x86
		{6B0C671A-C5D5-4C70-9704-4D5D24C548AF}.Release|Any CPU.ActiveCfg = Release|x86
		{6B0C671A-C5D5-4C70-9704-4D5D24C548AF}.Release|x86.ActiveCfg = Release|x86
		{6B0C671A-C5D5-4C70-9704-4D5D24C548AF}.Release|x86.Build.0 = Release|x86
		{6F57DE9B-17AC-42BE-A4BB-C03968511663}.Debug|Any CPU.ActiveCfg = Debug|Any CPU
		{6F57DE9B-17AC-42BE-A4BB-C03968511663}.Debug|Any CPU.Build.0 = Debug|Any CPU
		{6F57DE9B-17AC-42BE-A4BB-C03968511663}.Debug|x86.ActiveCfg = Debug|Any CPU
		{6F57DE9B-17AC-42BE-A4BB-C03968511663}.Debug|x86.Build.0 = Debug|Any CPU
		{6F57DE9B-17AC-42BE-A4BB-C03968511663}.Release|Any CPU.ActiveCfg = Release|Any CPU
		{6F57DE9B-17AC-42BE-A4BB-C03968511663}.Release|Any CPU.Build.0 = Release|Any CPU
		{6F57DE9B-17AC-42BE-A4BB-C03968511663}.Release|x86.ActiveCfg = Release|Any CPU
		{6F57DE9B-17AC-42BE-A4BB-C03968511663}.Release|x86.Build.0 = Release|Any CPU
		{E3A58540-52B7-4EFA-B285-9AEC9560987B}.Debug|Any CPU.ActiveCfg = Debug|Any CPU
		{E3A58540-52B7-4EFA-B285-9AEC9560987B}.Debug|Any CPU.Build.0 = Debug|Any CPU
		{E3A58540-52B7-4EFA-B285-9AEC9560987B}.Debug|x86.ActiveCfg = Debug|Any CPU
		{E3A58540-52B7-4EFA-B285-9AEC9560987B}.Debug|x86.Build.0 = Debug|Any CPU
		{E3A58540-52B7-4EFA-B285-9AEC9560987B}.Release|Any CPU.ActiveCfg = Release|Any CPU
		{E3A58540-52B7-4EFA-B285-9AEC9560987B}.Release|Any CPU.Build.0 = Release|Any CPU
		{E3A58540-52B7-4EFA-B285-9AEC9560987B}.Release|x86.ActiveCfg = Release|Any CPU
		{E3A58540-52B7-4EFA-B285-9AEC9560987B}.Release|x86.Build.0 = Release|Any CPU
		{DF6F5305-9060-4B79-BAF7-AF37F71916D4}.Debug|Any CPU.ActiveCfg = Debug|Any CPU
		{DF6F5305-9060-4B79-BAF7-AF37F71916D4}.Debug|Any CPU.Build.0 = Debug|Any CPU
		{DF6F5305-9060-4B79-BAF7-AF37F71916D4}.Debug|x86.ActiveCfg = Debug|Any CPU
		{DF6F5305-9060-4B79-BAF7-AF37F71916D4}.Debug|x86.Build.0 = Debug|Any CPU
		{DF6F5305-9060-4B79-BAF7-AF37F71916D4}.Release|Any CPU.ActiveCfg = Release|Any CPU
		{DF6F5305-9060-4B79-BAF7-AF37F71916D4}.Release|Any CPU.Build.0 = Release|Any CPU
		{DF6F5305-9060-4B79-BAF7-AF37F71916D4}.Release|x86.ActiveCfg = Release|Any CPU
		{DF6F5305-9060-4B79-BAF7-AF37F71916D4}.Release|x86.Build.0 = Release|Any CPU
		{28F2BDEE-56FF-44A7-A4E0-6EF6F2FA22A3}.Debug|Any CPU.ActiveCfg = Debug|x86
		{28F2BDEE-56FF-44A7-A4E0-6EF6F2FA22A3}.Debug|x86.ActiveCfg = Debug|x86
		{28F2BDEE-56FF-44A7-A4E0-6EF6F2FA22A3}.Debug|x86.Build.0 = Debug|x86
		{28F2BDEE-56FF-44A7-A4E0-6EF6F2FA22A3}.Release|Any CPU.ActiveCfg = Release|x86
		{28F2BDEE-56FF-44A7-A4E0-6EF6F2FA22A3}.Release|x86.ActiveCfg = Release|x86
		{28F2BDEE-56FF-44A7-A4E0-6EF6F2FA22A3}.Release|x86.Build.0 = Release|x86
		{92FF129C-6BB8-444F-BA34-0D76483ABB03}.Debug|Any CPU.ActiveCfg = Debug|x86
		{92FF129C-6BB8-444F-BA34-0D76483ABB03}.Debug|x86.ActiveCfg = Debug|x86
		{92FF129C-6BB8-444F-BA34-0D76483ABB03}.Debug|x86.Build.0 = Debug|x86
		{92FF129C-6BB8-444F-BA34-0D76483ABB03}.Release|Any CPU.ActiveCfg = Release|x86
		{92FF129C-6BB8-444F-BA34-0D76483ABB03}.Release|x86.ActiveCfg = Release|x86
		{92FF129C-6BB8-444F-BA34-0D76483ABB03}.Release|x86.Build.0 = Release|x86
		{66D35109-CE39-4214-A623-B42B6B7CABCD}.Debug|Any CPU.ActiveCfg = Debug|Any CPU
		{66D35109-CE39-4214-A623-B42B6B7CABCD}.Debug|Any CPU.Build.0 = Debug|Any CPU
		{66D35109-CE39-4214-A623-B42B6B7CABCD}.Debug|x86.ActiveCfg = Debug|Any CPU
		{66D35109-CE39-4214-A623-B42B6B7CABCD}.Debug|x86.Build.0 = Debug|Any CPU
		{66D35109-CE39-4214-A623-B42B6B7CABCD}.Release|Any CPU.ActiveCfg = Release|Any CPU
		{66D35109-CE39-4214-A623-B42B6B7CABCD}.Release|Any CPU.Build.0 = Release|Any CPU
		{66D35109-CE39-4214-A623-B42B6B7CABCD}.Release|x86.ActiveCfg = Release|Any CPU
		{66D35109-CE39-4214-A623-B42B6B7CABCD}.Release|x86.Build.0 = Release|Any CPU
	EndGlobalSection
	GlobalSection(SolutionProperties) = preSolution
		HideSolutionNode = FALSE
	EndGlobalSection
	GlobalSection(NestedProjects) = preSolution
		{388E8236-2FE9-4819-8F2E-B14131907FA1} = {97AF800B-7243-4C2D-9462-B0B645F69B0B}
		{13A44A2A-8283-46B9-9B02-AAD2AE68F7FB} = {97AF800B-7243-4C2D-9462-B0B645F69B0B}
		{C2E49757-2795-41A1-8046-1E02870DE11A} = {97AF800B-7243-4C2D-9462-B0B645F69B0B}
		{A3245406-8959-4154-9224-E666365F8F2D} = {4DDC9F3C-C349-486C-AD5B-76F6164F1207}
		{1A2525A9-F440-435A-A4BF-BD05DDB56443} = {A3245406-8959-4154-9224-E666365F8F2D}
		{B34C5F94-001E-4CEC-9347-AC98FD9DDAB4} = {4DDC9F3C-C349-486C-AD5B-76F6164F1207}
		{FCF84FB3-04FA-4D3F-A13A-CC7C7E1C9005} = {B34C5F94-001E-4CEC-9347-AC98FD9DDAB4}
		{B026C79E-0A83-46D8-8F7B-B41971B74A6C} = {DD3C509E-6B15-46EA-8668-4747E7C4C8C4}
		{1DC3ECAA-4775-4048-A881-AB4AD3C5A8CC} = {B026C79E-0A83-46D8-8F7B-B41971B74A6C}
		{53AD7856-AF0D-43D9-B39E-11D2F8313CA5} = {1DC3ECAA-4775-4048-A881-AB4AD3C5A8CC}
		{957A647D-EC80-4C8C-BAC7-C0972651EC14} = {DD3C509E-6B15-46EA-8668-4747E7C4C8C4}
		{701CE2D4-5752-4B96-BB8E-9F273817E0E3} = {957A647D-EC80-4C8C-BAC7-C0972651EC14}
		{21C38DD2-1FFE-4B57-B9A7-A92F878F1993} = {701CE2D4-5752-4B96-BB8E-9F273817E0E3}
		{F12006F1-B2C5-455D-84AA-57C918EE49B2} = {DD3C509E-6B15-46EA-8668-4747E7C4C8C4}
		{155DAB8C-DBB2-4C35-B02C-C12C68D5AC9D} = {F12006F1-B2C5-455D-84AA-57C918EE49B2}
		{5C380F93-C0F9-4B03-9DC8-06B83E82F7B0} = {155DAB8C-DBB2-4C35-B02C-C12C68D5AC9D}
		{166BFD6F-BE3C-4756-A0E0-EE91914AC1FB} = {957A647D-EC80-4C8C-BAC7-C0972651EC14}
		{32BE9190-D256-4A99-B9C7-138EBB65C714} = {166BFD6F-BE3C-4756-A0E0-EE91914AC1FB}
		{706401D0-6EFF-4866-B413-A231CE087E4A} = {166BFD6F-BE3C-4756-A0E0-EE91914AC1FB}
		{D35FED45-BAFB-46E9-A82E-B9CD5FD6AC20} = {DD3C509E-6B15-46EA-8668-4747E7C4C8C4}
		{C18492F2-1340-45C8-A231-E064986F4C35} = {D35FED45-BAFB-46E9-A82E-B9CD5FD6AC20}
		{2E1A8F05-F665-4601-B4AB-41DFB01DBCFE} = {4DDC9F3C-C349-486C-AD5B-76F6164F1207}
		{03C833B4-321E-4138-B88E-A937B9B67313} = {2E1A8F05-F665-4601-B4AB-41DFB01DBCFE}
		{357D8998-8080-4654-A4FC-3F3C0DC791FF} = {03C833B4-321E-4138-B88E-A937B9B67313}
		{65845231-26D3-4E67-9B7D-C2C6604E15FB} = {C18492F2-1340-45C8-A231-E064986F4C35}
		{2EF80DE7-A7D6-48C4-AAC2-23B6FCDD9F81} = {DD3C509E-6B15-46EA-8668-4747E7C4C8C4}
		{FE639822-4E1F-4A2E-A9CB-83E04BF180BA} = {2EF80DE7-A7D6-48C4-AAC2-23B6FCDD9F81}
		{C93F68EC-AD9B-46AB-80FF-AFE7B96DD6A2} = {FE639822-4E1F-4A2E-A9CB-83E04BF180BA}
		{EB2245DF-D302-4B23-904A-1A25570D3509} = {4DDC9F3C-C349-486C-AD5B-76F6164F1207}
		{264CF635-A22B-4BF0-A99B-0801C5CED44A} = {EB2245DF-D302-4B23-904A-1A25570D3509}
		{66984520-6525-4DE8-A823-F584C478152A} = {EB2245DF-D302-4B23-904A-1A25570D3509}
		{CCA35D2F-A7F1-4062-A4DE-038F97AEB126} = {EB2245DF-D302-4B23-904A-1A25570D3509}
		{67A27F69-F7BF-41CA-B788-2DB5F9D458DC} = {264CF635-A22B-4BF0-A99B-0801C5CED44A}
		{88DC15FE-4B18-4344-9D02-85A1B260BA1B} = {264CF635-A22B-4BF0-A99B-0801C5CED44A}
		{2EE5028A-DBAC-4FA6-930E-BD1225E5FD6D} = {67A27F69-F7BF-41CA-B788-2DB5F9D458DC}
		{19C15DDB-0348-46E0-B23C-2A7479FDA237} = {67A27F69-F7BF-41CA-B788-2DB5F9D458DC}
		{8789DD67-4A39-4B22-A848-3C81B4539F11} = {19C15DDB-0348-46E0-B23C-2A7479FDA237}
		{89273734-9F81-44AA-88D8-7FBD73AD6062} = {2EE5028A-DBAC-4FA6-930E-BD1225E5FD6D}
		{62CA9395-E1B9-4D43-80EC-0AEB59BEE775} = {19C15DDB-0348-46E0-B23C-2A7479FDA237}
		{0A817AA8-431D-4B25-92D8-BA340F9B0322} = {2EE5028A-DBAC-4FA6-930E-BD1225E5FD6D}
		{B12241C1-2CC0-460F-BAD8-A8A7B4BC4005} = {2EE5028A-DBAC-4FA6-930E-BD1225E5FD6D}
		{9CAA5D1C-BF68-4E80-9BDE-99DB39515406} = {19C15DDB-0348-46E0-B23C-2A7479FDA237}
		{B9DF91C2-4FC3-478A-96CD-8EFD9BF32A2B} = {2285E3F1-F662-48D2-BCFB-C9F337F62511}
		{DE92CC23-1D9B-492E-A4B1-9D398CD456F6} = {2285E3F1-F662-48D2-BCFB-C9F337F62511}
		{7E8F348D-72C2-497B-981E-A39596C7916C} = {4DDC9F3C-C349-486C-AD5B-76F6164F1207}
		{7EA96EC0-BAA3-459E-87D5-1249BE0E8D12} = {7E8F348D-72C2-497B-981E-A39596C7916C}
		{CC2F66BD-A347-409E-87C5-4CC005D74BC1} = {7EA96EC0-BAA3-459E-87D5-1249BE0E8D12}
		{706869C3-DEC3-4C3C-8BEA-1A9671B0118B} = {7EA96EC0-BAA3-459E-87D5-1249BE0E8D12}
		{8F9413E7-A3D6-4969-94C3-C1885E1A8BDF} = {4DDC9F3C-C349-486C-AD5B-76F6164F1207}
		{213D0E32-36E8-4E71-867E-D6A95F3CD252} = {8F9413E7-A3D6-4969-94C3-C1885E1A8BDF}
		{C88C0C5E-902E-4E57-8D78-A8D07FCDB675} = {213D0E32-36E8-4E71-867E-D6A95F3CD252}
		{6B0C671A-C5D5-4C70-9704-4D5D24C548AF} = {C88C0C5E-902E-4E57-8D78-A8D07FCDB675}
		{DFA51859-F2AD-4BA9-9677-058FFD636F75} = {264CF635-A22B-4BF0-A99B-0801C5CED44A}
		{5662EF89-C0BD-45D3-BE9E-D87E52008912} = {DFA51859-F2AD-4BA9-9677-058FFD636F75}
		{6F57DE9B-17AC-42BE-A4BB-C03968511663} = {5662EF89-C0BD-45D3-BE9E-D87E52008912}
		{0261EC64-67BA-4FA8-B1A5-11B46F603434} = {264CF635-A22B-4BF0-A99B-0801C5CED44A}
		{886DA436-9FD5-4759-907D-6073B3BBFC3C} = {0261EC64-67BA-4FA8-B1A5-11B46F603434}
		{E3A58540-52B7-4EFA-B285-9AEC9560987B} = {886DA436-9FD5-4759-907D-6073B3BBFC3C}
		{158B7957-A7B3-485E-92FD-E258E284DFDA} = {B34C5F94-001E-4CEC-9347-AC98FD9DDAB4}
		{DF6F5305-9060-4B79-BAF7-AF37F71916D4} = {158B7957-A7B3-485E-92FD-E258E284DFDA}
		{4E9AAE55-200C-4D33-BCE4-70926B86A597} = {8F9413E7-A3D6-4969-94C3-C1885E1A8BDF}
		{62F7F05A-F756-41A5-AC20-87613D0E75EE} = {4E9AAE55-200C-4D33-BCE4-70926B86A597}
		{28F2BDEE-56FF-44A7-A4E0-6EF6F2FA22A3} = {62F7F05A-F756-41A5-AC20-87613D0E75EE}
		{4867E95C-31F7-41FE-A513-F4B8A0D1800A} = {DD3C509E-6B15-46EA-8668-4747E7C4C8C4}
		{1ADBE352-548F-4C31-A995-C995ADF99A3D} = {4867E95C-31F7-41FE-A513-F4B8A0D1800A}
		{92FF129C-6BB8-444F-BA34-0D76483ABB03} = {1ADBE352-548F-4C31-A995-C995ADF99A3D}
		{72591CBE-71E8-4754-A46C-D28388F5BAAF} = {4DDC9F3C-C349-486C-AD5B-76F6164F1207}
		{9876F971-1806-422C-B23E-F99300E3432D} = {72591CBE-71E8-4754-A46C-D28388F5BAAF}
		{66D35109-CE39-4214-A623-B42B6B7CABCD} = {9876F971-1806-422C-B23E-F99300E3432D}
	EndGlobalSection
	GlobalSection(ExtensibilityGlobals) = postSolution
		SolutionGuid = {CD10FFEC-94D3-49FB-906A-87FA60256109}
		VisualSVNWorkingCopyRoot = .
	EndGlobalSection
EndGlobal
